{
  "name": "dashboard",
  "version": "1.0.0",
  "lockfileVersion": 3,
  "requires": true,
  "packages": {
    "": {
      "name": "dashboard",
      "version": "1.0.0",
      "license": "ISC",
      "dependencies": {
        "plotly.js-dist-min": "^4.0.0"
      }
    },
    "node_modules/plotly.js-dist-min": {
      "version": "4.0.0",
      "resolved": "https://bytesafe.bvbank.net.vn/r/npm-external/-/pull/plotly.js-dist-min/4.0.0",
      "integrity": "sha512-Dm6Sr5aHaxDZ7HN6eLRBotMZ9zRYEd+eoimm27B8d2XOFiNpv0oO7QIE0WFwFAfPN16JHM/6do6kDbasB+ftbQ=="
    }
  }
}
